{
  "version": 4,
  "terraform_version": "1.15.6",
  "serial": 10,
  "lineage": "926d1d33-e772-0ef3-ebad-c45de85cb45c",
  "outputs": {
    "instance_public_ip": {
      "value": "13.127.46.93",
      "type": "string"
    },
    "ssh_command": {
      "value": "ssh -i ~/.ssh/flask-cicd-key ec2-user@13.127.46.93",
      "type": "string"
    }
  },
  "resources": [
    {
      "mode": "data",
      "type": "aws_ami",
      "name": "amazon_linux_2023",
      "provider": "provider[\"registry.terraform.io/hashicorp/aws\"]",
      "instances": [
        {
          "schema_version": 0,
          "attributes": {
            "allow_unsafe_filter": null,
            "architecture": "x86_64",
            "arn": "arn:aws:ec2:ap-south-1::image/ami-01971107641e9b67d",
            "block_device_mappings": [
              {
                "device_name": "/dev/xvda",
                "ebs": {
                  "delete_on_termination": "true",
                  "encrypted": "false",
                  "iops": "3000",
                  "snapshot_id": "snap-09f6b9054bb3c724f",
                  "throughput": "125",
                  "volume_initialization_rate": "0",
                  "volume_size": "8",
                  "volume_type": "gp3"
                },
                "no_device": "",
                "virtual_name": ""
              }
            ],
            "boot_mode": "uefi-preferred",
            "creation_date": "2026-07-02T21:57:03.000Z",
            "deprecation_time": "2026-09-30T22:04:00.000Z",
            "description": "Amazon Linux 2023 AMI 2023.12.20260706.1 x86_64 HVM kernel-6.1",
            "ena_support": true,
            "executable_users": null,
            "filter": [
              {
                "name": "name",
                "values": [
                  "al2023-ami-2023.*-x86_64"
                ]
              }
            ],
            "hypervisor": "xen",
            "id": "ami-01971107641e9b67d",
            "image_id": "ami-01971107641e9b67d",
            "image_location": "amazon/al2023-ami-2023.12.20260706.1-kernel-6.1-x86_64",
            "image_owner_alias": "amazon",
            "image_type": "machine",
            "imds_support": "v2.0",
            "include_deprecated": false,
            "kernel_id": "",
            "last_launched_time": "",
            "most_recent": true,
            "name": "al2023-ami-2023.12.20260706.1-kernel-6.1-x86_64",
            "name_regex": null,
            "owner_id": "137112412989",
            "owners": [
              "amazon"
            ],
            "platform": "",
            "platform_details": "Linux/UNIX",
            "product_codes": [],
            "public": true,
            "ramdisk_id": "",
            "region": "ap-south-1",
            "root_device_name": "/dev/xvda",
            "root_device_type": "ebs",
            "root_snapshot_id": "snap-09f6b9054bb3c724f",
            "sriov_net_support": "simple",
            "state": "available",
            "state_reason": {
              "code": "UNSET",
              "message": "UNSET"
            },
            "tags": {},
            "timeouts": null,
            "tpm_support": "",
            "uefi_data": null,
            "usage_operation": "RunInstances",
            "virtualization_type": "hvm"
          },
          "sensitive_attributes": [],
          "identity_schema_version": 0
        }
      ]
    },
    {
      "mode": "managed",
      "type": "aws_instance",
      "name": "flask_server",
      "provider": "provider[\"registry.terraform.io/hashicorp/aws\"]",
      "instances": [
        {
          "schema_version": 2,
          "attributes": {
            "ami": "ami-01971107641e9b67d",
            "arn": "arn:aws:ec2:ap-south-1:905221885876:instance/i-01fe4e33cfc57b0d6",
            "associate_public_ip_address": true,
            "availability_zone": "ap-south-1a",
            "capacity_reservation_specification": [
              {
                "capacity_reservation_preference": "open",
                "capacity_reservation_target": []
              }
            ],
            "cpu_options": [
              {
                "amd_sev_snp": "",
                "core_count": 1,
                "nested_virtualization": "",
                "threads_per_core": 2
              }
            ],
            "credit_specification": [
              {
                "cpu_credits": "unlimited"
              }
            ],
            "disable_api_stop": false,
            "disable_api_termination": false,
            "ebs_block_device": [],
            "ebs_optimized": false,
            "enable_primary_ipv6": null,
            "enclave_options": [
              {
                "enabled": false
              }
            ],
            "ephemeral_block_device": [],
            "force_destroy": false,
            "get_password_data": false,
            "hibernation": false,
            "host_id": "",
            "host_resource_group_arn": null,
            "iam_instance_profile": "",
            "id": "i-01fe4e33cfc57b0d6",
            "instance_initiated_shutdown_behavior": "stop",
            "instance_lifecycle": "",
            "instance_market_options": [],
            "instance_state": "running",
            "instance_type": "t3.micro",
            "ipv6_address_count": 0,
            "ipv6_addresses": [],
            "key_name": "flask-cicd-key",
            "launch_template": [],
            "maintenance_options": [
              {
                "auto_recovery": "default"
              }
            ],
            "metadata_options": [
              {
                "http_endpoint": "enabled",
                "http_protocol_ipv6": "disabled",
                "http_put_response_hop_limit": 2,
                "http_tokens": "required",
                "instance_metadata_tags": "disabled"
              }
            ],
            "monitoring": false,
            "network_interface": [],
            "outpost_arn": "",
            "password_data": "",
            "placement_group": "",
            "placement_group_id": "",
            "placement_partition_number": 0,
            "primary_network_interface": [
              {
                "delete_on_termination": true,
                "network_interface_id": "eni-0d7ffe0a523efc5ad"
              }
            ],
            "primary_network_interface_id": "eni-0d7ffe0a523efc5ad",
            "private_dns": "ip-172-31-40-27.ap-south-1.compute.internal",
            "private_dns_name_options": [
              {
                "enable_resource_name_dns_a_record": false,
                "enable_resource_name_dns_aaaa_record": false,
                "hostname_type": "ip-name"
              }
            ],
            "private_ip": "172.31.40.27",
            "public_dns": "ec2-13-127-46-93.ap-south-1.compute.amazonaws.com",
            "public_ip": "13.127.46.93",
            "region": "ap-south-1",
            "root_block_device": [
              {
                "delete_on_termination": true,
                "device_name": "/dev/xvda",
                "encrypted": false,
                "iops": 3000,
                "kms_key_id": "",
                "tags": {},
                "tags_all": {},
                "throughput": 125,
                "volume_id": "vol-066c50f6b2c334269",
                "volume_size": 8,
                "volume_type": "gp3"
              }
            ],
            "secondary_network_interface": [],
            "secondary_private_ips": [],
            "security_groups": [
              "flask-cicd-sg"
            ],
            "source_dest_check": true,
            "spot_instance_request_id": "",
            "subnet_id": "subnet-0d6dd0a446e4d6a3b",
            "tags": {
              "Name": "flask-cicd-server",
              "Project": "flask-cicd"
            },
            "tags_all": {
              "Name": "flask-cicd-server",
              "Project": "flask-cicd"
            },
            "tenancy": "default",
            "timeouts": null,
            "user_data": "#!/bin/bash\r\nyum update -y\r\nyum install -y docker\r\nsystemctl start docker\r\nsystemctl enable docker\r\nusermod -aG docker ec2-user\r\ndocker pull romil79/flask-cicd:latest\r\ndocker run -d -p 5000:5000 --name flask-app romil79/flask-cicd:latest\r\n",
            "user_data_base64": null,
            "user_data_replace_on_change": false,
            "volume_tags": null,
            "vpc_security_group_ids": [
              "sg-0df66a2211e7f5898"
            ]
          },
          "sensitive_attributes": [],
          "identity_schema_version": 0,
          "identity": {
            "account_id": "905221885876",
            "id": "i-01fe4e33cfc57b0d6",
            "region": "ap-south-1"
          },
          "private": "eyJlMmJmYjczMC1lY2FhLTExZTYtOGY4OC0zNDM2M2JjN2M0YzAiOnsiY3JlYXRlIjo2MDAwMDAwMDAwMDAsImRlbGV0ZSI6MTIwMDAwMDAwMDAwMCwicmVhZCI6OTAwMDAwMDAwMDAwLCJ1cGRhdGUiOjYwMDAwMDAwMDAwMH0sInNjaGVtYV92ZXJzaW9uIjoiMiJ9",
          "dependencies": [
            "aws_key_pair.flask_key",
            "aws_security_group.flask_sg",
            "data.aws_ami.amazon_linux_2023"
          ]
        }
      ]
    },
    {
      "mode": "managed",
      "type": "aws_key_pair",
      "name": "flask_key",
      "provider": "provider[\"registry.terraform.io/hashicorp/aws\"]",
      "instances": [
        {
          "schema_version": 1,
          "attributes": {
            "arn": "arn:aws:ec2:ap-south-1:905221885876:key-pair/flask-cicd-key",
            "fingerprint": "0c:09:55:58:2d:df:a0:3e:80:c0:48:21:41:6f:ac:06",
            "id": "flask-cicd-key",
            "key_name": "flask-cicd-key",
            "key_name_prefix": "",
            "key_pair_id": "key-0e2c13ebfa899450e",
            "key_type": "rsa",
            "public_key": "ssh-rsa AAAAB3NzaC1yc2EAAAADAQABAAACAQDxhbClp7SSsGgbm6oAnYg/RD/ruKeuj5PZetiJyo7wKBS9NQqTB0SCuMe0usttlMGUXgP94XWRJwTewIu9gjjkrEFX6IiGGVyMeQ8X3dbVuZch0bEjSwyS1adCQ7DQrQSZjGLE42ZSvGwx9vLddIPqe9neK086Xq8ZACzA0roZJJEDHfWxJlULBGNpMcXsoSQbbZ2IOWBBourLMPys7VO9mx7uMy0YGBkoelcCH3V5NAblaoeLoC4fqMvBQ+Yo2bhUUNuAAdAqq4F0mnrRYC353H91BPTcZVzjsyfiu/bTODGD9KIQj67krEIxCe9TdD+qHBfI85I+yyx8XNw+OzH5H7CtrNC1VKATwAWB7HjniB5kKUqIzZzxoXAisqxKUP2LGkQm4tAKLiPeghI3runbEkRXZ95BttcnginFHpKB0qec8zlM60ZyzlsKeHranU3P7Iyeo2jEpe6xm2cScvWcJEemS+9QbdbPaUkmRiLWDg3SqwU6R2HyId0Eifkk1SgMAW3j7PUe+Xwg2RigdV5qsd2IsoggMQam+dgfK9tPDYDVw3MBclR4oh/lEkbRPh/pjMHxrv/B5uvFE6J8t0XEMtaUxef3Lg8pMJwstH3THukoaDDW0RvwPYVnzdNrRWEh1TGNMY0WWo2Pv5e3uqVTqUo5cLpPEWx3vqcBx2Jmlw== romil@FloppYs",
            "region": "ap-south-1",
            "tags": null,
            "tags_all": {}
          },
          "sensitive_attributes": [],
          "identity_schema_version": 0,
          "private": "eyJzY2hlbWFfdmVyc2lvbiI6IjEifQ=="
        }
      ]
    },
    {
      "mode": "managed",
      "type": "aws_security_group",
      "name": "flask_sg",
      "provider": "provider[\"registry.terraform.io/hashicorp/aws\"]",
      "instances": [
        {
          "schema_version": 1,
          "attributes": {
            "arn": "arn:aws:ec2:ap-south-1:905221885876:security-group/sg-0df66a2211e7f5898",
            "description": "Allow SSH and Flask app traffic",
            "egress": [
              {
                "cidr_blocks": [
                  "0.0.0.0/0"
                ],
                "description": "",
                "from_port": 0,
                "ipv6_cidr_blocks": [],
                "prefix_list_ids": [],
                "protocol": "-1",
                "security_groups": [],
                "self": false,
                "to_port": 0
              }
            ],
            "id": "sg-0df66a2211e7f5898",
            "ingress": [
              {
                "cidr_blocks": [
                  "0.0.0.0/0"
                ],
                "description": "",
                "from_port": 22,
                "ipv6_cidr_blocks": [],
                "prefix_list_ids": [],
                "protocol": "tcp",
                "security_groups": [],
                "self": false,
                "to_port": 22
              },
              {
                "cidr_blocks": [
                  "0.0.0.0/0"
                ],
                "description": "",
                "from_port": 5000,
                "ipv6_cidr_blocks": [],
                "prefix_list_ids": [],
                "protocol": "tcp",
                "security_groups": [],
                "self": false,
                "to_port": 5000
              }
            ],
            "name": "flask-cicd-sg",
            "name_prefix": "",
            "owner_id": "905221885876",
            "region": "ap-south-1",
            "revoke_rules_on_delete": false,
            "tags": {
              "Name": "flask-cicd-sg",
              "Project": "flask-cicd"
            },
            "tags_all": {
              "Name": "flask-cicd-sg",
              "Project": "flask-cicd"
            },
            "timeouts": null,
            "vpc_id": "vpc-05d16cbf8323fb145"
          },
          "sensitive_attributes": [],
          "identity_schema_version": 0,
          "identity": {
            "account_id": "905221885876",
            "id": "sg-0df66a2211e7f5898",
            "region": "ap-south-1"
          },
          "private": "eyJlMmJmYjczMC1lY2FhLTExZTYtOGY4OC0zNDM2M2JjN2M0YzAiOnsiY3JlYXRlIjo2MDAwMDAwMDAwMDAsImRlbGV0ZSI6OTAwMDAwMDAwMDAwfSwic2NoZW1hX3ZlcnNpb24iOiIxIn0="
        }
      ]
    }
  ],
  "check_results": null
}
